{
  "name": "invidious-redirect",
  "lockfileVersion": 3,
  "requires": true,
  "packages": {
    "": {
      "devDependencies": {
        "@types/node": "^20.11.25",
        "@types/tampermonkey": "^5.0.2"
      }
    },
    "node_modules/@types/node": {
      "version": "20.12.7",
      "resolved": "https://registry.npmjs.org/@types/node/-/node-20.12.7.tgz",
      "integrity": "sha512-wq0cICSkRLVaf3UGLMGItu/PtdY7oaXaI/RVU+xliKVOtRna3PRY57ZDfztpDL0n11vfymMUnXv8QwYCO7L1wg==",
      "dev": true,
      "dependencies": {
        "undici-types": "~5.26.4"
      }
    },
    "node_modules/@types/tampermonkey": {
      "version": "5.5.0",
      "resolved": "https://registry.npmjs.org/@types/tampermonkey/-/tampermonkey-5.5.0.tgz",
      "integrity": "sha512-I90oAlYhgP7DFr5LbwdvPNSd51SULGT6zLw6A+nK4FtRlgDsAYtKShWhsxjmU6LzSWI2XbPq8oAQE/ckZHW2LQ==",
      "dev": true,
      "license": "MIT"
    },
    "node_modules/undici-types": {
      "version": "5.26.5",
      "resolved": "https://registry.npmjs.org/undici-types/-/undici-types-5.26.5.tgz",
      "integrity": "sha512-JlCMO+ehdEIKqlFxk6IfVoAUVmgz7cU7zD/h9XZ0qzeosSHmUJVOzSQvvYSYWXkFXC+IfLKSIffhv0sVZup6pA==",
      "dev": true
    }
  }
}
